// !$*UTF8*$!
{
	archiveVersion = 1;
	classes = {
	};
	objectVersion = 46;
	objects = {

/* Begin PBXBuildFile section */
		27841D6F1CC0976900FE6808 /* main.m in Sources */ = {isa = PBXBuildFile; fileRef = 27841D6E1CC0976900FE6808 /* main.m */; };
		27841D721CC0976900FE6808 /* AppDelegate.m in Sources */ = {isa = PBXBuildFile; fileRef = 27841D711CC0976900FE6808 /* AppDelegate.m */; };
		27841D751CC0976900FE6808 /* ViewController.m in Sources */ = {isa = PBXBuildFile; fileRef = 27841D741CC0976900FE6808 /* ViewController.m */; };
		27841D781CC0976900FE6808 /* Main.storyboard in Resources */ = {isa = PBXBuildFile; fileRef = 27841D761CC0976900FE6808 /* Main.storyboard */; };
		27841D7A1CC0976900FE6808 /* Assets.xcassets in Resources */ = {isa = PBXBuildFile; fileRef = 27841D791CC0976900FE6808 /* Assets.xcassets */; };
		27841D7D1CC0976900FE6808 /* LaunchScreen.storyboard in Resources */ = {isa = PBXBuildFile; fileRef = 27841D7B1CC0976900FE6808 /* LaunchScreen.storyboard */; };
		27841DA51CC097C400FE6808 /* Search.m in Sources */ = {isa = PBXBuildFile; fileRef = 27841DA41CC097C400FE6808 /* Search.m */; };
		27841EAB1CC0B48200FE6808 /* AFHTTPSessionManager.m in Sources */ = {isa = PBXBuildFile; fileRef = 27841E9F1CC0B48200FE6808 /* AFHTTPSessionManager.m */; };
		27841EAC1CC0B48200FE6808 /* AFNetworkReachabilityManager.m in Sources */ = {isa = PBXBuildFile; fileRef = 27841EA21CC0B48200FE6808 /* AFNetworkReachabilityManager.m */; };
		27841EAD1CC0B48200FE6808 /* AFSecurityPolicy.m in Sources */ = {isa = PBXBuildFile; fileRef = 27841EA41CC0B48200FE6808 /* AFSecurityPolicy.m */; };
		27841EAE1CC0B48200FE6808 /* AFURLRequestSerialization.m in Sources */ = {isa = PBXBuildFile; fileRef = 27841EA61CC0B48200FE6808 /* AFURLRequestSerialization.m */; };
		27841EAF1CC0B48200FE6808 /* AFURLResponseSerialization.m in Sources */ = {isa = PBXBuildFile; fileRef = 27841EA81CC0B48200FE6808 /* AFURLResponseSerialization.m */; };
		27841EB01CC0B48200FE6808 /* AFURLSessionManager.m in Sources */ = {isa = PBXBuildFile; fileRef = 27841EAA1CC0B48200FE6808 /* AFURLSessionManager.m */; };
		27841EC31CC0DB8500FE6808 /* NSDictionary+ConvertToQueryString.m in Sources */ = {isa = PBXBuildFile; fileRef = 27841EBC1CC0DB8500FE6808 /* NSDictionary+ConvertToQueryString.m */; };
		27841EC41CC0DB8500FE6808 /* NSString+ConvertToDictionary.m in Sources */ = {isa = PBXBuildFile; fileRef = 27841EBE1CC0DB8500FE6808 /* NSString+ConvertToDictionary.m */; };
		27841EC51CC0DB8500FE6808 /* RequestParametersModel.m in Sources */ = {isa = PBXBuildFile; fileRef = 27841EC01CC0DB8500FE6808 /* RequestParametersModel.m */; };
		27841EC61CC0DB8500FE6808 /* URLCode.m in Sources */ = {isa = PBXBuildFile; fileRef = 27841EC21CC0DB8500FE6808 /* URLCode.m */; };
/* End PBXBuildFile section */

/* Begin PBXFileReference section */
		27841D6A1CC0976900FE6808 /* RequestModel.app */ = {isa = PBXFileReference; explicitFileType = wrapper.application; includeInIndex = 0; path = RequestModel.app; sourceTree = BUILT_PRODUCTS_DIR; };
		27841D6E1CC0976900FE6808 /* main.m */ = {isa = PBXFileReference; lastKnownFileType = sourcecode.c.objc; path = main.m; sourceTree = "<group>"; };
		27841D701CC0976900FE6808 /* AppDelegate.h */ = {isa = PBXFileReference; lastKnownFileType = sourcecode.c.h; path = AppDelegate.h; sourceTree = "<group>"; };
		27841D711CC0976900FE6808 /* AppDelegate.m */ = {isa = PBXFileReference; lastKnownFileType = sourcecode.c.objc; path = AppDelegate.m; sourceTree = "<group>"; };
		27841D731CC0976900FE6808 /* ViewController.h */ = {isa = PBXFileReference; lastKnownFileType = sourcecode.c.h; path = ViewController.h; sourceTree = "<group>"; };
		27841D741CC0976900FE6808 /* ViewController.m */ = {isa = PBXFileReference; lastKnownFileType = sourcecode.c.objc; path = ViewController.m; sourceTree = "<group>"; };
		27841D771CC0976900FE6808 /* Base */ = {isa = PBXFileReference; lastKnownFileType = file.storyboard; name = Base; path = Base.lproj/Main.storyboard; sourceTree = "<group>"; };
		27841D791CC0976900FE6808 /* Assets.xcassets */ = {isa = PBXFileReference; lastKnownFileType = folder.assetcatalog; path = Assets.xcassets; sourceTree = "<group>"; };
		27841D7C1CC0976900FE6808 /* Base */ = {isa = PBXFileReference; lastKnownFileType = file.storyboard; name = Base; path = Base.lproj/LaunchScreen.storyboard; sourceTree = "<group>"; };
		27841D7E1CC0976900FE6808 /* Info.plist */ = {isa = PBXFileReference; lastKnownFileType = text.plist.xml; path = Info.plist; sourceTree = "<group>"; };
		27841DA31CC097C400FE6808 /* Search.h */ = {isa = PBXFileReference; fileEncoding = 4; lastKnownFileType = sourcecode.c.h; path = Search.h; sourceTree = "<group>"; };
		27841DA41CC097C400FE6808 /* Search.m */ = {isa = PBXFileReference; fileEncoding = 4; lastKnownFileType = sourcecode.c.objc; path = Search.m; sourceTree = "<group>"; };
		27841E9E1CC0B48200FE6808 /* AFHTTPSessionManager.h */ = {isa = PBXFileReference; fileEncoding = 4; lastKnownFileType = sourcecode.c.h; path = AFHTTPSessionManager.h; sourceTree = "<group>"; };
		27841E9F1CC0B48200FE6808 /* AFHTTPSessionManager.m */ = {isa = PBXFileReference; fileEncoding = 4; lastKnownFileType = sourcecode.c.objc; path = AFHTTPSessionManager.m; sourceTree = "<group>"; };
		27841EA01CC0B48200FE6808 /* AFNetworking.h */ = {isa = PBXFileReference; fileEncoding = 4; lastKnownFileType = sourcecode.c.h; path = AFNetworking.h; sourceTree = "<group>"; };
		27841EA11CC0B48200FE6808 /* AFNetworkReachabilityManager.h */ = {isa = PBXFileReference; fileEncoding = 4; lastKnownFileType = sourcecode.c.h; path = AFNetworkReachabilityManager.h; sourceTree = "<group>"; };
		27841EA21CC0B48200FE6808 /* AFNetworkReachabilityManager.m */ = {isa = PBXFileReference; fileEncoding = 4; lastKnownFileType = sourcecode.c.objc; path = AFNetworkReachabilityManager.m; sourceTree = "<group>"; };
		27841EA31CC0B48200FE6808 /* AFSecurityPolicy.h */ = {isa = PBXFileReference; fileEncoding = 4; lastKnownFileType = sourcecode.c.h; path = AFSecurityPolicy.h; sourceTree = "<group>"; };
		27841EA41CC0B48200FE6808 /* AFSecurityPolicy.m */ = {isa = PBXFileReference; fileEncoding = 4; lastKnownFileType = sourcecode.c.objc; path = AFSecurityPolicy.m; sourceTree = "<group>"; };
		27841EA51CC0B48200FE6808 /* AFURLRequestSerialization.h */ = {isa = PBXFileReference; fileEncoding = 4; lastKnownFileType = sourcecode.c.h; path = AFURLRequestSerialization.h; sourceTree = "<group>"; };
		27841EA61CC0B48200FE6808 /* AFURLRequestSerialization.m */ = {isa = PBXFileReference; fileEncoding = 4; lastKnownFileType = sourcecode.c.objc; path = AFURLRequestSerialization.m; sourceTree = "<group>"; };
		27841EA71CC0B48200FE6808 /* AFURLResponseSerialization.h */ = {isa = PBXFileReference; fileEncoding = 4; lastKnownFileType = sourcecode.c.h; path = AFURLResponseSerialization.h; sourceTree = "<group>"; };
		27841EA81CC0B48200FE6808 /* AFURLResponseSerialization.m */ = {isa = PBXFileReference; fileEncoding = 4; lastKnownFileType = sourcecode.c.objc; path = AFURLResponseSerialization.m; sourceTree = "<group>"; };
		27841EA91CC0B48200FE6808 /* AFURLSessionManager.h */ = {isa = PBXFileReference; fileEncoding = 4; lastKnownFileType = sourcecode.c.h; path = AFURLSessionManager.h; sourceTree = "<group>"; };
		27841EAA1CC0B48200FE6808 /* AFURLSessionManager.m */ = {isa = PBXFileReference; fileEncoding = 4; lastKnownFileType = sourcecode.c.objc; path = AFURLSessionManager.m; sourceTree = "<group>"; };
		27841EBB1CC0DB8500FE6808 /* NSDictionary+ConvertToQueryString.h */ = {isa = PBXFileReference; fileEncoding = 4; lastKnownFileType = sourcecode.c.h; path = "NSDictionary+ConvertToQueryString.h"; sourceTree = "<group>"; };
		27841EBC1CC0DB8500FE6808 /* NSDictionary+ConvertToQueryString.m */ = {isa = PBXFileReference; fileEncoding = 4; lastKnownFileType = sourcecode.c.objc; path = "NSDictionary+ConvertToQueryString.m"; sourceTree = "<group>"; };
		27841EBD1CC0DB8500FE6808 /* NSString+ConvertToDictionary.h */ = {isa = PBXFileReference; fileEncoding = 4; lastKnownFileType = sourcecode.c.h; path = "NSString+ConvertToDictionary.h"; sourceTree = "<group>"; };
		27841EBE1CC0DB8500FE6808 /* NSString+ConvertToDictionary.m */ = {isa = PBXFileReference; fileEncoding = 4; lastKnownFileType = sourcecode.c.objc; path = "NSString+ConvertToDictionary.m"; sourceTree = "<group>"; };
		27841EBF1CC0DB8500FE6808 /* RequestParametersModel.h */ = {isa = PBXFileReference; fileEncoding = 4; lastKnownFileType = sourcecode.c.h; path = RequestParametersModel.h; sourceTree = "<group>"; };
		27841EC01CC0DB8500FE6808 /* RequestParametersModel.m */ = {isa = PBXFileReference; fileEncoding = 4; lastKnownFileType = sourcecode.c.objc; path = RequestParametersModel.m; sourceTree = "<group>"; };
		27841EC11CC0DB8500FE6808 /* URLCode.h */ = {isa = PBXFileReference; fileEncoding = 4; lastKnownFileType = sourcecode.c.h; path = URLCode.h; sourceTree = "<group>"; };
		27841EC21CC0DB8500FE6808 /* URLCode.m */ = {isa = PBXFileReference; fileEncoding = 4; lastKnownFileType = sourcecode.c.objc; path = URLCode.m; sourceTree = "<group>"; };
/* End PBXFileReference section */

/* Begin PBXFrameworksBuildPhase section */
		27841D671CC0976900FE6808 /* Frameworks */ = {
			isa = PBXFrameworksBuildPhase;
			buildActionMask = 2147483647;
			files = (
			);
			runOnlyForDeploymentPostprocessing = 0;
		};
/* End PBXFrameworksBuildPhase section */

/* Begin PBXGroup section */
		27841D611CC0976900FE6808 = {
			isa = PBXGroup;
			children = (
				27841E9D1CC0B48200FE6808 /* AFNetworking */,
				27841D6C1CC0976900FE6808 /* RequestModel */,
				27841D6B1CC0976900FE6808 /* Products */,
			);
			sourceTree = "<group>";
		};
		27841D6B1CC0976900FE6808 /* Products */ = {
			isa = PBXGroup;
			children = (
				27841D6A1CC0976900FE6808 /* RequestModel.app */,
			);
			name = Products;
			sourceTree = "<group>";
		};
		27841D6C1CC0976900FE6808 /* RequestModel */ = {
			isa = PBXGroup;
			children = (
				27841EBA1CC0DB8500FE6808 /* Class */,
				27841D701CC0976900FE6808 /* AppDelegate.h */,
				27841D711CC0976900FE6808 /* AppDelegate.m */,
				27841D731CC0976900FE6808 /* ViewController.h */,
				27841D741CC0976900FE6808 /* ViewController.m */,
				27841D761CC0976900FE6808 /* Main.storyboard */,
				27841DA31CC097C400FE6808 /* Search.h */,
				27841DA41CC097C400FE6808 /* Search.m */,
				27841D791CC0976900FE6808 /* Assets.xcassets */,
				27841D7B1CC0976900FE6808 /* LaunchScreen.storyboard */,
				27841D7E1CC0976900FE6808 /* Info.plist */,
				27841D6D1CC0976900FE6808 /* Supporting Files */,
			);
			path = RequestModel;
			sourceTree = "<group>";
		};
		27841D6D1CC0976900FE6808 /* Supporting Files */ = {
			isa = PBXGroup;
			children = (
				27841D6E1CC0976900FE6808 /* main.m */,
			);
			name = "Supporting Files";
			sourceTree = "<group>";
		};
		27841E9D1CC0B48200FE6808 /* AFNetworking */ = {
			isa = PBXGroup;
			children = (
				27841E9E1CC0B48200FE6808 /* AFHTTPSessionManager.h */,
				27841E9F1CC0B48200FE6808 /* AFHTTPSessionManager.m */,
				27841EA01CC0B48200FE6808 /* AFNetworking.h */,
				27841EA11CC0B48200FE6808 /* AFNetworkReachabilityManager.h */,
				27841EA21CC0B48200FE6808 /* AFNetworkReachabilityManager.m */,
				27841EA31CC0B48200FE6808 /* AFSecurityPolicy.h */,
				27841EA41CC0B48200FE6808 /* AFSecurityPolicy.m */,
				27841EA51CC0B48200FE6808 /* AFURLRequestSerialization.h */,
				27841EA61CC0B48200FE6808 /* AFURLRequestSerialization.m */,
				27841EA71CC0B48200FE6808 /* AFURLResponseSerialization.h */,
				27841EA81CC0B48200FE6808 /* AFURLResponseSerialization.m */,
				27841EA91CC0B48200FE6808 /* AFURLSessionManager.h */,
				27841EAA1CC0B48200FE6808 /* AFURLSessionManager.m */,
			);
			path = AFNetworking;
			sourceTree = "<group>";
		};
		27841EBA1CC0DB8500FE6808 /* Class */ = {
			isa = PBXGroup;
			children = (
				27841EBF1CC0DB8500FE6808 /* RequestParametersModel.h */,
				27841EC01CC0DB8500FE6808 /* RequestParametersModel.m */,
				27841EBB1CC0DB8500FE6808 /* NSDictionary+ConvertToQueryString.h */,
				27841EBC1CC0DB8500FE6808 /* NSDictionary+ConvertToQueryString.m */,
				27841EBD1CC0DB8500FE6808 /* NSString+ConvertToDictionary.h */,
				27841EBE1CC0DB8500FE6808 /* NSString+ConvertToDictionary.m */,
				27841EC11CC0DB8500FE6808 /* URLCode.h */,
				27841EC21CC0DB8500FE6808 /* URLCode.m */,
			);
			path = Class;
			sourceTree = "<group>";
		};
/* End PBXGroup section */

/* Begin PBXNativeTarget section */
		27841D691CC0976900FE6808 /* RequestModel */ = {
			isa = PBXNativeTarget;
			buildConfigurationList = 27841D971CC0976900FE6808 /* Build configuration list for PBXNativeTarget "RequestModel" */;
			buildPhases = (
				27841D661CC0976900FE6808 /* Sources */,
				27841D671CC0976900FE6808 /* Frameworks */,
				27841D681CC0976900FE6808 /* Resources */,
			);
			buildRules = (
			);
			dependencies = (
			);
			name = RequestModel;
			productName = RequestModel;
			productReference = 27841D6A1CC0976900FE6808 /* RequestModel.app */;
			productType = "com.apple.product-type.application";
		};
/* End PBXNativeTarget section */

/* Begin PBXProject section */
		27841D621CC0976900FE6808 /* Project object */ = {
			isa = PBXProject;
			attributes = {
				LastUpgradeCheck = 0730;
				ORGANIZATIONNAME = Mike;
				TargetAttributes = {
					27841D691CC0976900FE6808 = {
						CreatedOnToolsVersion = 7.3;
						DevelopmentTeam = 98G49GSK56;
					};
				};
			};
			buildConfigurationList = 27841D651CC0976900FE6808 /* Build configuration list for PBXProject "RequestModel" */;
			compatibilityVersion = "Xcode 3.2";
			developmentRegion = English;
			hasScannedForEncodings = 0;
			knownRegions = (
				en,
				Base,
			);
			mainGroup = 27841D611CC0976900FE6808;
			productRefGroup = 27841D6B1CC0976900FE6808 /* Products */;
			projectDirPath = "";
			projectRoot = "";
			targets = (
				27841D691CC0976900FE6808 /* RequestModel */,
			);
		};
/* End PBXProject section */

/* Begin PBXResourcesBuildPhase section */
		27841D681CC0976900FE6808 /* Resources */ = {
			isa = PBXResourcesBuildPhase;
			buildActionMask = 2147483647;
			files = (
				27841D7D1CC0976900FE6808 /* LaunchScreen.storyboard in Resources */,
				27841D7A1CC0976900FE6808 /* Assets.xcassets in Resources */,
				27841D781CC0976900FE6808 /* Main.storyboard in Resources */,
			);
			runOnlyForDeploymentPostprocessing = 0;
		};
/* End PBXResourcesBuildPhase section */

/* Begin PBXSourcesBuildPhase section */
		27841D661CC0976900FE6808 /* Sources */ = {
			isa = PBXSourcesBuildPhase;
			buildActionMask = 2147483647;
			files = (
				27841EC61CC0DB8500FE6808 /* URLCode.m in Sources */,
				27841EC31CC0DB8500FE6808 /* NSDictionary+ConvertToQueryString.m in Sources */,
				27841D751CC0976900FE6808 /* ViewController.m in Sources */,
				27841EAD1CC0B48200FE6808 /* AFSecurityPolicy.m in Sources */,
				27841D721CC0976900FE6808 /* AppDelegate.m in Sources */,
				27841EAF1CC0B48200FE6808 /* AFURLResponseSerialization.m in Sources */,
				27841DA51CC097C400FE6808 /* Search.m in Sources */,
				27841EC51CC0DB8500FE6808 /* RequestParametersModel.m in Sources */,
				27841D6F1CC0976900FE6808 /* main.m in Sources */,
				27841EAB1CC0B48200FE6808 /* AFHTTPSessionManager.m in Sources */,
				27841EAE1CC0B48200FE6808 /* AFURLRequestSerialization.m in Sources */,
				27841EB01CC0B48200FE6808 /* AFURLSessionManager.m in Sources */,
				27841EC41CC0DB8500FE6808 /* NSString+ConvertToDictionary.m in Sources */,
				27841EAC1CC0B48200FE6808 /* AFNetworkReachabilityManager.m in Sources */,
			);
			runOnlyForDeploymentPostprocessing = 0;
		};
/* End PBXSourcesBuildPhase section */

/* Begin PBXVariantGroup section */
		27841D761CC0976900FE6808 /* Main.storyboard */ = {
			isa = PBXVariantGroup;
			children = (
				27841D771CC0976900FE6808 /* Base */,
			);
			name = Main.storyboard;
			sourceTree = "<group>";
		};
		27841D7B1CC0976900FE6808 /* LaunchScreen.storyboard */ = {
			isa = PBXVariantGroup;
			children = (
				27841D7C1CC0976900FE6808 /* Base */,
			);
			name = LaunchScreen.storyboard;
			sourceTree = "<group>";
		};
/* End PBXVariantGroup section */

/* Begin XCBuildConfiguration section */
		27841D951CC0976900FE6808 /* Debug */ = {
			isa = XCBuildConfiguration;
			buildSettings = {
				ALWAYS_SEARCH_USER_PATHS = NO;
				CLANG_ANALYZER_NONNULL = YES;
				CLANG_CXX_LANGUAGE_STANDARD = "gnu++0x";
				CLANG_CXX_LIBRARY = "libc++";
				CLANG_ENABLE_MODULES = YES;
				CLANG_ENABLE_OBJC_ARC = YES;
				CLANG_WARN_BOOL_CONVERSION = YES;
				CLANG_WARN_CONSTANT_CONVERSION = YES;
				CLANG_WARN_DIRECT_OBJC_ISA_USAGE = YES_ERROR;
				CLANG_WARN_EMPTY_BODY = YES;
				CLANG_WARN_ENUM_CONVERSION = YES;
				CLANG_WARN_INT_CONVERSION = YES;
				CLANG_WARN_OBJC_ROOT_CLASS = YES_ERROR;
				CLANG_WARN_UNREACHABLE_CODE = YES;
				CLANG_WARN__DUPLICATE_METHOD_MATCH = YES;
				"CODE_SIGN_IDENTITY[sdk=iphoneos*]" = "iPhone Developer";
				COPY_PHASE_STRIP = NO;
				DEBUG_INFORMATION_FORMAT = dwarf;
				ENABLE_STRICT_OBJC_MSGSEND = YES;
				ENABLE_TESTABILITY = YES;
				GCC_C_LANGUAGE_STANDARD = gnu99;
				GCC_DYNAMIC_NO_PIC = NO;
				GCC_NO_COMMON_BLOCKS = YES;
				GCC_OPTIMIZATION_LEVEL = 0;
				GCC_PREPROCESSOR_DEFINITIONS = (
					"DEBUG=1",
					"$(inherited)",
				);
				GCC_WARN_64_TO_32_BIT_CONVERSION = YES;
				GCC_WARN_ABOUT_RETURN_TYPE = YES_ERROR;
				GCC_WARN_UNDECLARED_SELECTOR = YES;
				GCC_WARN_UNINITIALIZED_AUTOS = YES_AGGRESSIVE;
				GCC_WARN_UNUSED_FUNCTION = YES;
				GCC_WARN_UNUSED_VARIABLE = YES;
				IPHONEOS_DEPLOYMENT_TARGET = 9.3;
				MTL_ENABLE_DEBUG_INFO = YES;
				ONLY_ACTIVE_ARCH = YES;
				SDKROOT = iphoneos;
				TARGETED_DEVICE_FAMILY = "1,2";
			};
			name = Debug;
		};
		27841D961CC0976900FE6808 /* Release */ = {
			isa = XCBuildConfiguration;
			buildSettings = {
				ALWAYS_SEARCH_USER_PATHS = NO;
				CLANG_ANALYZER_NONNULL = YES;
				CLANG_CXX_LANGUAGE_STANDARD = "gnu++0x";
				CLANG_CXX_LIBRARY = "libc++";
				CLANG_ENABLE_MODULES = YES;
				CLANG_ENABLE_OBJC_ARC = YES;
				CLANG_WARN_BOOL_CONVERSION = YES;
				CLANG_WARN_CONSTANT_CONVERSION = YES;
				CLANG_WARN_DIRECT_OBJC_ISA_USAGE = YES_ERROR;
				CLANG_WARN_EMPTY_BODY = YES;
				CLANG_WARN_ENUM_CONVERSION = YES;
				CLANG_WARN_INT_CONVERSION = YES;
				CLANG_WARN_OBJC_ROOT_CLASS = YES_ERROR;
				CLANG_WARN_UNREACHABLE_CODE = YES;
				CLANG_WARN__DUPLICATE_METHOD_MATCH = YES;
				"CODE_SIGN_IDENTITY[sdk=iphoneos*]" = "iPhone Developer";
				COPY_PHASE_STRIP = NO;
				DEBUG_INFORMATION_FORMAT = "dwarf-with-dsym";
				ENABLE_NS_ASSERTIONS = NO;
				ENABLE_STRICT_OBJC_MSGSEND = YES;
				GCC_C_LANGUAGE_STANDARD = gnu99;
				GCC_NO_COMMON_BLOCKS = YES;
				GCC_WARN_64_TO_32_BIT_CONVERSION = YES;
				GCC_WARN_ABOUT_RETURN_TYPE = YES_ERROR;
				GCC_WARN_UNDECLARED_SELECTOR = YES;
				GCC_WARN_UNINITIALIZED_AUTOS = YES_AGGRESSIVE;
				GCC_WARN_UNUSED_FUNCTION = YES;
				GCC_WARN_UNUSED_VARIABLE = YES;
				IPHONEOS_DEPLOYMENT_TARGET = 9.3;
				MTL_ENABLE_DEBUG_INFO = NO;
				SDKROOT = iphoneos;
				TARGETED_DEVICE_FAMILY = "1,2";
				VALIDATE_PRODUCT = YES;
			};
			name = Release;
		};
		27841D981CC0976900FE6808 /* Debug */ = {
			isa = XCBuildConfiguration;
			buildSettings = {
				ASSETCATALOG_COMPILER_APPICON_NAME = AppIcon;
				INFOPLIST_FILE = RequestModel/Info.plist;
				LD_RUNPATH_SEARCH_PATHS = "$(inherited) @executable_path/Frameworks";
				PRODUCT_BUNDLE_IDENTIFIER = com.galaxy.RequestModel;
				PRODUCT_NAME = "$(TARGET_NAME)";
			};
			name = Debug;
		};
		27841D991CC0976900FE6808 /* Release */ = {
			isa = XCBuildConfiguration;
			buildSettings = {
				ASSETCATALOG_COMPILER_APPICON_NAME = AppIcon;
				INFOPLIST_FILE = RequestModel/Info.plist;
				LD_RUNPATH_SEARCH_PATHS = "$(inherited) @executable_path/Frameworks";
				PRODUCT_BUNDLE_IDENTIFIER = com.galaxy.RequestModel;
				PRODUCT_NAME = "$(TARGET_NAME)";
			};
			name = Release;
		};
/* End XCBuildConfiguration section */

/* Begin XCConfigurationList section */
		27841D651CC0976900FE6808 /* Build configuration list for PBXProject "RequestModel" */ = {
			isa = XCConfigurationList;
			buildConfigurations = (
				27841D951CC0976900FE6808 /* Debug */,
				27841D961CC0976900FE6808 /* Release */,
			);
			defaultConfigurationIsVisible = 0;
			defaultConfigurationName = Release;
		};
		27841D971CC0976900FE6808 /* Build configuration list for PBXNativeTarget "RequestModel" */ = {
			isa = XCConfigurationList;
			buildConfigurations = (
				27841D981CC0976900FE6808 /* Debug */,
				27841D991CC0976900FE6808 /* Release */,
			);
			defaultConfigurationIsVisible = 0;
			defaultConfigurationName = Release;
		};
/* End XCConfigurationList section */
	};
	rootObject = 27841D621CC0976900FE6808 /* Project object */;
}
